
Microsoft Visual Studio Solution File, Format Version 12.00
# Visual Studio Version 17
VisualStudioVersion = 17.8.34330.188
MinimumVisualStudioVersion = 10.0.40219.1
Project("{FAE04EC0-301F-11D3-BF4B-00C04F79EFBC}") = "WorkoutApp.API", "WorkoutApi\WorkoutApp.API.csproj", "{725888A2-9F8A-46F7-8E59-AB46AB3D596C}"
EndProject
Project("{FAE04EC0-301F-11D3-BF4B-00C04F79EFBC}") = "WorkoutApi.Tests", "WorkoutApi.Tests\WorkoutApi.Tests.csproj", "{5170F0C4-02C2-478F-AB8A-5F77B69FFD95}"
EndProject
Project("{2150E333-8FDC-42A3-9474-1A3956D46DE8}") = "Tests", "Tests", "{4DD47087-8A39-4004-BAE4-5A7FED5A7B60}"
EndProject
Project("{FAE04EC0-301F-11D3-BF4B-00C04F79EFBC}") = "WorkoutApp.Repositories", "Repositories\WorkoutApp.Repositories.csproj", "{ECC497EF-87FC-4FE5-A979-4B7A0BE95BD5}"
EndProject
Project("{FAE04EC0-301F-11D3-BF4B-00C04F79EFBC}") = "WorkoutApp.Data.Entities", "Models\WorkoutApp.Data.Entities.csproj", "{D7870EBF-FBAF-48D5-BC53-78ACB5D12EB4}"
EndProject
Project("{FAE04EC0-301F-11D3-BF4B-00C04F79EFBC}") = "WorkoutApp.Services", "WorkoutApp.Services\WorkoutApp.Services.csproj", "{79D3167B-78E9-4086-BDC4-5BF4E1D0DCDB}"
EndProject
Project("{FAE04EC0-301F-11D3-BF4B-00C04F79EFBC}") = "WorkoutApp.Services.DTOs", "WorkoutApp.Services.DTOs\WorkoutApp.Services.DTOs.csproj", "{330552E8-1F0F-48C9-9F0E-FB9093881862}"
EndProject
Project("{FAE04EC0-301F-11D3-BF4B-00C04F79EFBC}") = "WorkoutApp.API.Models", "WorkoutApi.API.Models\WorkoutApp.API.Models.csproj", "{B828D54E-1E77-4433-BB4C-0FAB42EE53F6}"
EndProject
Global
	GlobalSection(SolutionConfigurationPlatforms) = preSolution
		Debug|Any CPU = Debug|Any CPU
		Release|Any CPU = Release|Any CPU
	EndGlobalSection
	GlobalSection(ProjectConfigurationPlatforms) = postSolution
		{725888A2-9F8A-46F7-8E59-AB46AB3D596C}.Debug|Any CPU.ActiveCfg = Debug|Any CPU
		{725888A2-9F8A-46F7-8E59-AB46AB3D596C}.Debug|Any CPU.Build.0 = Debug|Any CPU
		{725888A2-9F8A-46F7-8E59-AB46AB3D596C}.Release|Any CPU.ActiveCfg = Release|Any CPU
		{725888A2-9F8A-46F7-8E59-AB46AB3D596C}.Release|Any CPU.Build.0 = Release|Any CPU
		{5170F0C4-02C2-478F-AB8A-5F77B69FFD95}.Debug|Any CPU.ActiveCfg = Debug|Any CPU
		{5170F0C4-02C2-478F-AB8A-5F77B69FFD95}.Debug|Any CPU.Build.0 = Debug|Any CPU
		{5170F0C4-02C2-478F-AB8A-5F77B69FFD95}.Release|Any CPU.ActiveCfg = Release|Any CPU
		{5170F0C4-02C2-478F-AB8A-5F77B69FFD95}.Release|Any CPU.Build.0 = Release|Any CPU
		{ECC497EF-87FC-4FE5-A979-4B7A0BE95BD5}.Debug|Any CPU.ActiveCfg = Debug|Any CPU
		{ECC497EF-87FC-4FE5-A979-4B7A0BE95BD5}.Debug|Any CPU.Build.0 = Debug|Any CPU
		{ECC497EF-87FC-4FE5-A979-4B7A0BE95BD5}.Release|Any CPU.ActiveCfg = Release|Any CPU
		{ECC497EF-87FC-4FE5-A979-4B7A0BE95BD5}.Release|Any CPU.Build.0 = Release|Any CPU
		{D7870EBF-FBAF-48D5-BC53-78ACB5D12EB4}.Debug|Any CPU.ActiveCfg = Debug|Any CPU
		{D7870EBF-FBAF-48D5-BC53-78ACB5D12EB4}.Debug|Any CPU.Build.0 = Debug|Any CPU
		{D7870EBF-FBAF-48D5-BC53-78ACB5D12EB4}.Release|Any CPU.ActiveCfg = Release|Any CPU
		{D7870EBF-FBAF-48D5-BC53-78ACB5D12EB4}.Release|Any CPU.Build.0 = Release|Any CPU
		{79D3167B-78E9-4086-BDC4-5BF4E1D0DCDB}.Debug|Any CPU.ActiveCfg = Debug|Any CPU
		{79D3167B-78E9-4086-BDC4-5BF4E1D0DCDB}.Debug|Any CPU.Build.0 = Debug|Any CPU
		{79D3167B-78E9-4086-BDC4-5BF4E1D0DCDB}.Release|Any CPU.ActiveCfg = Release|Any CPU
		{79D3167B-78E9-4086-BDC4-5BF4E1D0DCDB}.Release|Any CPU.Build.0 = Release|Any CPU
		{330552E8-1F0F-48C9-9F0E-FB9093881862}.Debug|Any CPU.ActiveCfg = Debug|Any CPU
		{330552E8-1F0F-48C9-9F0E-FB9093881862}.Debug|Any CPU.Build.0 = Debug|Any CPU
		{330552E8-1F0F-48C9-9F0E-FB9093881862}.Release|Any CPU.ActiveCfg = Release|Any CPU
		{330552E8-1F0F-48C9-9F0E-FB9093881862}.Release|Any CPU.Build.0 = Release|Any CPU
		{B828D54E-1E77-4433-BB4C-0FAB42EE53F6}.Debug|Any CPU.ActiveCfg = Debug|Any CPU
		{B828D54E-1E77-4433-BB4C-0FAB42EE53F6}.Debug|Any CPU.Build.0 = Debug|Any CPU
		{B828D54E-1E77-4433-BB4C-0FAB42EE53F6}.Release|Any CPU.ActiveCfg = Release|Any CPU
		{B828D54E-1E77-4433-BB4C-0FAB42EE53F6}.Release|Any CPU.Build.0 = Release|Any CPU
	EndGlobalSection
	GlobalSection(SolutionProperties) = preSolution
		HideSolutionNode = FALSE
	EndGlobalSection
	GlobalSection(NestedProjects) = preSolution
		{5170F0C4-02C2-478F-AB8A-5F77B69FFD95} = {4DD47087-8A39-4004-BAE4-5A7FED5A7B60}
	EndGlobalSection
	GlobalSection(ExtensibilityGlobals) = postSolution
		SolutionGuid = {0F24F777-AC1B-4A20-9D1B-3C632791BC4C}
	EndGlobalSection
EndGlobal
